
Microsoft Visual Studio Solution File, Format Version 12.00
# Visual Studio Version 17
VisualStudioVersion = 17.9.34607.119
MinimumVisualStudioVersion = 10.0.40219.1
Project("{FAE04EC0-301F-11D3-BF4B-00C04F79EFBC}") = "Task1", "LabWork4\Task1.csproj", "{2072127E-6F7B-4BE3-A906-834B0BDA7E46}"
EndProject
Project("{FAE04EC0-301F-11D3-BF4B-00C04F79EFBC}") = "Task2", "Task2\Task2.csproj", "{F95940D8-0B1D-402B-9444-A917E3D66C1A}"
EndProject
Project("{FAE04EC0-301F-11D3-BF4B-00C04F79EFBC}") = "Task3", "Task3\Task3.csproj", "{9DBB4EE6-B777-4ACB-BE3B-1015879CA152}"
EndProject
Global
	GlobalSection(SolutionConfigurationPlatforms) = preSolution
		Debug|Any CPU = Debug|Any CPU
		Release|Any CPU = Release|Any CPU
	EndGlobalSection
	GlobalSection(ProjectConfigurationPlatforms) = postSolution
		{2072127E-6F7B-4BE3-A906-834B0BDA7E46}.Debug|Any CPU.ActiveCfg = Debug|Any CPU
		{2072127E-6F7B-4BE3-A906-834B0BDA7E46}.Debug|Any CPU.Build.0 = Debug|Any CPU
		{2072127E-6F7B-4BE3-A906-834B0BDA7E46}.Release|Any CPU.ActiveCfg = Release|Any CPU
		{2072127E-6F7B-4BE3-A906-834B0BDA7E46}.Release|Any CPU.Build.0 = Release|Any CPU
		{F95940D8-0B1D-402B-9444-A917E3D66C1A}.Debug|Any CPU.ActiveCfg = Debug|Any CPU
		{F95940D8-0B1D-402B-9444-A917E3D66C1A}.Debug|Any CPU.Build.0 = Debug|Any CPU
		{F95940D8-0B1D-402B-9444-A917E3D66C1A}.Release|Any CPU.ActiveCfg = Release|Any CPU
		{F95940D8-0B1D-402B-9444-A917E3D66C1A}.Release|Any CPU.Build.0 = Release|Any CPU
		{9DBB4EE6-B777-4ACB-BE3B-1015879CA152}.Debug|Any CPU.ActiveCfg = Debug|Any CPU
		{9DBB4EE6-B777-4ACB-BE3B-1015879CA152}.Debug|Any CPU.Build.0 = Debug|Any CPU
		{9DBB4EE6-B777-4ACB-BE3B-1015879CA152}.Release|Any CPU.ActiveCfg = Release|Any CPU
		{9DBB4EE6-B777-4ACB-BE3B-1015879CA152}.Release|Any CPU.Build.0 = Release|Any CPU
	EndGlobalSection
	GlobalSection(SolutionProperties) = preSolution
		HideSolutionNode = FALSE
	EndGlobalSection
	GlobalSection(ExtensibilityGlobals) = postSolution
		SolutionGuid = {D50DFA23-816F-4D3C-91D4-91BB949D6C74}
	EndGlobalSection
EndGlobal
